// !$*UTF8*$!
{
	archiveVersion = 1;
	classes = {
	};
	objectVersion = 56;
	objects = {

/* Begin PBXBuildFile section */
		124C4D222BF87ECA00FC9EE4 /* banchangoApp.swift in Sources */ = {isa = PBXBuildFile; fileRef = 124C4D212BF87ECA00FC9EE4 /* banchangoApp.swift */; };
		124C4D242BF87ECA00FC9EE4 /* MainView.swift in Sources */ = {isa = PBXBuildFile; fileRef = 124C4D232BF87ECA00FC9EE4 /* MainView.swift */; };
		124C4D262BF87ECB00FC9EE4 /* Assets.xcassets in Resources */ = {isa = PBXBuildFile; fileRef = 124C4D252BF87ECB00FC9EE4 /* Assets.xcassets */; };
		124C4D292BF87ECB00FC9EE4 /* Preview Assets.xcassets in Resources */ = {isa = PBXBuildFile; fileRef = 124C4D282BF87ECB00FC9EE4 /* Preview Assets.xcassets */; };
		124C4D332BF87ECB00FC9EE4 /* banchangoTests.swift in Sources */ = {isa = PBXBuildFile; fileRef = 124C4D322BF87ECB00FC9EE4 /* banchangoTests.swift */; };
		124C4D3D2BF87ECB00FC9EE4 /* banchangoUITests.swift in Sources */ = {isa = PBXBuildFile; fileRef = 124C4D3C2BF87ECB00FC9EE4 /* banchangoUITests.swift */; };
		124C4D3F2BF87ECB00FC9EE4 /* banchangoUITestsLaunchTests.swift in Sources */ = {isa = PBXBuildFile; fileRef = 124C4D3E2BF87ECB00FC9EE4 /* banchangoUITestsLaunchTests.swift */; };
		12BCCA5D2C1EADFF006853E5 /* Config.swift in Sources */ = {isa = PBXBuildFile; fileRef = 12BCCA592C1EADFF006853E5 /* Config.swift */; };
		12BCCA5E2C1EADFF006853E5 /* HTTPClient.swift in Sources */ = {isa = PBXBuildFile; fileRef = 12BCCA5A2C1EADFF006853E5 /* HTTPClient.swift */; };
		12BCCA5F2C1EADFF006853E5 /* URLExtensions.swift in Sources */ = {isa = PBXBuildFile; fileRef = 12BCCA5B2C1EADFF006853E5 /* URLExtensions.swift */; };
		12BCCAC72C1EB3DA006853E5 /* Inter-SemiBold.otf in Resources */ = {isa = PBXBuildFile; fileRef = 12BCCAB32C1EB3DA006853E5 /* Inter-SemiBold.otf */; };
		12BCCAC82C1EB3DA006853E5 /* Inter-Bold.otf in Resources */ = {isa = PBXBuildFile; fileRef = 12BCCAB42C1EB3DA006853E5 /* Inter-Bold.otf */; };
		12BCCAC92C1EB3DA006853E5 /* Inter-ThinItalic.otf in Resources */ = {isa = PBXBuildFile; fileRef = 12BCCAB52C1EB3DA006853E5 /* Inter-ThinItalic.otf */; };
		12BCCACA2C1EB3DA006853E5 /* Inter-ExtraLightItalic.otf in Resources */ = {isa = PBXBuildFile; fileRef = 12BCCAB62C1EB3DA006853E5 /* Inter-ExtraLightItalic.otf */; };
		12BCCACB2C1EB3DA006853E5 /* Inter-BlackItalic.otf in Resources */ = {isa = PBXBuildFile; fileRef = 12BCCAB72C1EB3DA006853E5 /* Inter-BlackItalic.otf */; };
		12BCCACC2C1EB3DA006853E5 /* Inter-Black.otf in Resources */ = {isa = PBXBuildFile; fileRef = 12BCCAB82C1EB3DA006853E5 /* Inter-Black.otf */; };
		12BCCACD2C1EB3DA006853E5 /* Inter-ExtraBold.otf in Resources */ = {isa = PBXBuildFile; fileRef = 12BCCAB92C1EB3DA006853E5 /* Inter-ExtraBold.otf */; };
		12BCCACE2C1EB3DA006853E5 /* Inter-LightItalic.otf in Resources */ = {isa = PBXBuildFile; fileRef = 12BCCABA2C1EB3DA006853E5 /* Inter-LightItalic.otf */; };
		12BCCACF2C1EB3DA006853E5 /* Inter-MediumItalic.otf in Resources */ = {isa = PBXBuildFile; fileRef = 12BCCABB2C1EB3DA006853E5 /* Inter-MediumItalic.otf */; };
		12BCCAD02C1EB3DA006853E5 /* SIL Open Font License.txt in Resources */ = {isa = PBXBuildFile; fileRef = 12BCCABC2C1EB3DA006853E5 /* SIL Open Font License.txt */; };
		12BCCAD12C1EB3DA006853E5 /* Inter-ExtraBoldItalic.otf in Resources */ = {isa = PBXBuildFile; fileRef = 12BCCABD2C1EB3DA006853E5 /* Inter-ExtraBoldItalic.otf */; };
		12BCCAD22C1EB3DA006853E5 /* Inter-Medium.otf in Resources */ = {isa = PBXBuildFile; fileRef = 12BCCABE2C1EB3DA006853E5 /* Inter-Medium.otf */; };
		12BCCAD32C1EB3DA006853E5 /* Inter-Regular.otf in Resources */ = {isa = PBXBuildFile; fileRef = 12BCCABF2C1EB3DA006853E5 /* Inter-Regular.otf */; };
		12BCCAD42C1EB3DA006853E5 /* Inter-ExtraLight.otf in Resources */ = {isa = PBXBuildFile; fileRef = 12BCCAC02C1EB3DA006853E5 /* Inter-ExtraLight.otf */; };
		12BCCAD52C1EB3DA006853E5 /* Inter-Italic.otf in Resources */ = {isa = PBXBuildFile; fileRef = 12BCCAC12C1EB3DA006853E5 /* Inter-Italic.otf */; };
		12BCCAD62C1EB3DA006853E5 /* Inter-Thin.otf in Resources */ = {isa = PBXBuildFile; fileRef = 12BCCAC22C1EB3DA006853E5 /* Inter-Thin.otf */; };
		12BCCAD72C1EB3DA006853E5 /* Inter-BoldItalic.otf in Resources */ = {isa = PBXBuildFile; fileRef = 12BCCAC32C1EB3DA006853E5 /* Inter-BoldItalic.otf */; };
		12BCCAD82C1EB3DA006853E5 /* Inter-Light.otf in Resources */ = {isa = PBXBuildFile; fileRef = 12BCCAC42C1EB3DA006853E5 /* Inter-Light.otf */; };
		12BCCAD92C1EB3DA006853E5 /* Inter-V.ttf in Resources */ = {isa = PBXBuildFile; fileRef = 12BCCAC52C1EB3DA006853E5 /* Inter-V.ttf */; };
		12BCCADA2C1EB3DA006853E5 /* Inter-SemiBoldItalic.otf in Resources */ = {isa = PBXBuildFile; fileRef = 12BCCAC62C1EB3DA006853E5 /* Inter-SemiBoldItalic.otf */; };
		12BCCAE02C1EBDFA006853E5 /* RecipeCardView.swift in Sources */ = {isa = PBXBuildFile; fileRef = 12BCCADF2C1EBDFA006853E5 /* RecipeCardView.swift */; };
		12BCCAE62C1EC406006853E5 /* RecipeDetailViewModel.swift in Sources */ = {isa = PBXBuildFile; fileRef = 12BCCAE52C1EC406006853E5 /* RecipeDetailViewModel.swift */; };
		12BCCAE82C1EC419006853E5 /* RecipeDetailView.swift in Sources */ = {isa = PBXBuildFile; fileRef = 12BCCAE72C1EC419006853E5 /* RecipeDetailView.swift */; };
		12E1649A2C0CD6B3006FC786 /* RecipeRecommendView.swift in Sources */ = {isa = PBXBuildFile; fileRef = 12E164992C0CD6B3006FC786 /* RecipeRecommendView.swift */; };
		12E1649C2C0CD9F4006FC786 /* RecommendRecipe.swift in Sources */ = {isa = PBXBuildFile; fileRef = 12E1649B2C0CD9F4006FC786 /* RecommendRecipe.swift */; };
		12E94FA42C1DA92800C525B9 /* RecommendRecipe.json in Resources */ = {isa = PBXBuildFile; fileRef = 12E94FA22C1DA92800C525B9 /* RecommendRecipe.json */; };
		12E94FB12C1DAAB100C525B9 /* RecipeRecommendViewModel.swift in Sources */ = {isa = PBXBuildFile; fileRef = 12E94FB02C1DAAB100C525B9 /* RecipeRecommendViewModel.swift */; };
/* End PBXBuildFile section */

/* Begin PBXContainerItemProxy section */
		124C4D2F2BF87ECB00FC9EE4 /* PBXContainerItemProxy */ = {
			isa = PBXContainerItemProxy;
			containerPortal = 124C4D162BF87ECA00FC9EE4 /* Project object */;
			proxyType = 1;
			remoteGlobalIDString = 124C4D1D2BF87ECA00FC9EE4;
			remoteInfo = banchango;
		};
		124C4D392BF87ECB00FC9EE4 /* PBXContainerItemProxy */ = {
			isa = PBXContainerItemProxy;
			containerPortal = 124C4D162BF87ECA00FC9EE4 /* Project object */;
			proxyType = 1;
			remoteGlobalIDString = 124C4D1D2BF87ECA00FC9EE4;
			remoteInfo = banchango;
		};
/* End PBXContainerItemProxy section */

/* Begin PBXFileReference section */
		124C4D1E2BF87ECA00FC9EE4 /* banchango.app */ = {isa = PBXFileReference; explicitFileType = wrapper.application; includeInIndex = 0; path = banchango.app; sourceTree = BUILT_PRODUCTS_DIR; };
		124C4D212BF87ECA00FC9EE4 /* banchangoApp.swift */ = {isa = PBXFileReference; lastKnownFileType = sourcecode.swift; path = banchangoApp.swift; sourceTree = "<group>"; };
		124C4D232BF87ECA00FC9EE4 /* MainView.swift */ = {isa = PBXFileReference; lastKnownFileType = sourcecode.swift; path = MainView.swift; sourceTree = "<group>"; };
		124C4D252BF87ECB00FC9EE4 /* Assets.xcassets */ = {isa = PBXFileReference; lastKnownFileType = folder.assetcatalog; path = Assets.xcassets; sourceTree = "<group>"; };
		124C4D282BF87ECB00FC9EE4 /* Preview Assets.xcassets */ = {isa = PBXFileReference; lastKnownFileType = folder.assetcatalog; path = "Preview Assets.xcassets"; sourceTree = "<group>"; };
		124C4D2E2BF87ECB00FC9EE4 /* banchangoTests.xctest */ = {isa = PBXFileReference; explicitFileType = wrapper.cfbundle; includeInIndex = 0; path = banchangoTests.xctest; sourceTree = BUILT_PRODUCTS_DIR; };
		124C4D322BF87ECB00FC9EE4 /* banchangoTests.swift */ = {isa = PBXFileReference; lastKnownFileType = sourcecode.swift; path = banchangoTests.swift; sourceTree = "<group>"; };
		124C4D382BF87ECB00FC9EE4 /* banchangoUITests.xctest */ = {isa = PBXFileReference; explicitFileType = wrapper.cfbundle; includeInIndex = 0; path = banchangoUITests.xctest; sourceTree = BUILT_PRODUCTS_DIR; };
		124C4D3C2BF87ECB00FC9EE4 /* banchangoUITests.swift */ = {isa = PBXFileReference; lastKnownFileType = sourcecode.swift; path = banchangoUITests.swift; sourceTree = "<group>"; };
		124C4D3E2BF87ECB00FC9EE4 /* banchangoUITestsLaunchTests.swift */ = {isa = PBXFileReference; lastKnownFileType = sourcecode.swift; path = banchangoUITestsLaunchTests.swift; sourceTree = "<group>"; };
		12BCCA592C1EADFF006853E5 /* Config.swift */ = {isa = PBXFileReference; fileEncoding = 4; lastKnownFileType = sourcecode.swift; path = Config.swift; sourceTree = "<group>"; };
		12BCCA5A2C1EADFF006853E5 /* HTTPClient.swift */ = {isa = PBXFileReference; fileEncoding = 4; lastKnownFileType = sourcecode.swift; path = HTTPClient.swift; sourceTree = "<group>"; };
		12BCCA5B2C1EADFF006853E5 /* URLExtensions.swift */ = {isa = PBXFileReference; fileEncoding = 4; lastKnownFileType = sourcecode.swift; path = URLExtensions.swift; sourceTree = "<group>"; };
		12BCCAB32C1EB3DA006853E5 /* Inter-SemiBold.otf */ = {isa = PBXFileReference; lastKnownFileType = file; name = "Inter-SemiBold.otf"; path = "banchango/Resources/fonts/inter/Inter-SemiBold.otf"; sourceTree = SOURCE_ROOT; };
		12BCCAB42C1EB3DA006853E5 /* Inter-Bold.otf */ = {isa = PBXFileReference; lastKnownFileType = file; name = "Inter-Bold.otf"; path = "banchango/Resources/fonts/inter/Inter-Bold.otf"; sourceTree = SOURCE_ROOT; };
		12BCCAB52C1EB3DA006853E5 /* Inter-ThinItalic.otf */ = {isa = PBXFileReference; lastKnownFileType = file; name = "Inter-ThinItalic.otf"; path = "banchango/Resources/fonts/inter/Inter-ThinItalic.otf"; sourceTree = SOURCE_ROOT; };
		12BCCAB62C1EB3DA006853E5 /* Inter-ExtraLightItalic.otf */ = {isa = PBXFileReference; lastKnownFileType = file; name = "Inter-ExtraLightItalic.otf"; path = "banchango/Resources/fonts/inter/Inter-ExtraLightItalic.otf"; sourceTree = SOURCE_ROOT; };
		12BCCAB72C1EB3DA006853E5 /* Inter-BlackItalic.otf */ = {isa = PBXFileReference; lastKnownFileType = file; name = "Inter-BlackItalic.otf"; path = "banchango/Resources/fonts/inter/Inter-BlackItalic.otf"; sourceTree = SOURCE_ROOT; };
		12BCCAB82C1EB3DA006853E5 /* Inter-Black.otf */ = {isa = PBXFileReference; lastKnownFileType = file; name = "Inter-Black.otf"; path = "banchango/Resources/fonts/inter/Inter-Black.otf"; sourceTree = SOURCE_ROOT; };
		12BCCAB92C1EB3DA006853E5 /* Inter-ExtraBold.otf */ = {isa = PBXFileReference; lastKnownFileType = file; name = "Inter-ExtraBold.otf"; path = "banchango/Resources/fonts/inter/Inter-ExtraBold.otf"; sourceTree = SOURCE_ROOT; };
		12BCCABA2C1EB3DA006853E5 /* Inter-LightItalic.otf */ = {isa = PBXFileReference; lastKnownFileType = file; name = "Inter-LightItalic.otf"; path = "banchango/Resources/fonts/inter/Inter-LightItalic.otf"; sourceTree = SOURCE_ROOT; };
		12BCCABB2C1EB3DA006853E5 /* Inter-MediumItalic.otf */ = {isa = PBXFileReference; lastKnownFileType = file; name = "Inter-MediumItalic.otf"; path = "banchango/Resources/fonts/inter/Inter-MediumItalic.otf"; sourceTree = SOURCE_ROOT; };
		12BCCABC2C1EB3DA006853E5 /* SIL Open Font License.txt */ = {isa = PBXFileReference; fileEncoding = 4; lastKnownFileType = text; name = "SIL Open Font License.txt"; path = "banchango/Resources/fonts/inter/SIL Open Font License.txt"; sourceTree = SOURCE_ROOT; };
		12BCCABD2C1EB3DA006853E5 /* Inter-ExtraBoldItalic.otf */ = {isa = PBXFileReference; lastKnownFileType = file; name = "Inter-ExtraBoldItalic.otf"; path = "banchango/Resources/fonts/inter/Inter-ExtraBoldItalic.otf"; sourceTree = SOURCE_ROOT; };
		12BCCABE2C1EB3DA006853E5 /* Inter-Medium.otf */ = {isa = PBXFileReference; lastKnownFileType = file; name = "Inter-Medium.otf"; path = "banchango/Resources/fonts/inter/Inter-Medium.otf"; sourceTree = SOURCE_ROOT; };
		12BCCABF2C1EB3DA006853E5 /* Inter-Regular.otf */ = {isa = PBXFileReference; lastKnownFileType = file; name = "Inter-Regular.otf"; path = "banchango/Resources/fonts/inter/Inter-Regular.otf"; sourceTree = SOURCE_ROOT; };
		12BCCAC02C1EB3DA006853E5 /* Inter-ExtraLight.otf */ = {isa = PBXFileReference; lastKnownFileType = file; name = "Inter-ExtraLight.otf"; path = "banchango/Resources/fonts/inter/Inter-ExtraLight.otf"; sourceTree = SOURCE_ROOT; };
		12BCCAC12C1EB3DA006853E5 /* Inter-Italic.otf */ = {isa = PBXFileReference; lastKnownFileType = file; name = "Inter-Italic.otf"; path = "banchango/Resources/fonts/inter/Inter-Italic.otf"; sourceTree = SOURCE_ROOT; };
		12BCCAC22C1EB3DA006853E5 /* Inter-Thin.otf */ = {isa = PBXFileReference; lastKnownFileType = file; name = "Inter-Thin.otf"; path = "banchango/Resources/fonts/inter/Inter-Thin.otf"; sourceTree = SOURCE_ROOT; };
		12BCCAC32C1EB3DA006853E5 /* Inter-BoldItalic.otf */ = {isa = PBXFileReference; lastKnownFileType = file; name = "Inter-BoldItalic.otf"; path = "banchango/Resources/fonts/inter/Inter-BoldItalic.otf"; sourceTree = SOURCE_ROOT; };
		12BCCAC42C1EB3DA006853E5 /* Inter-Light.otf */ = {isa = PBXFileReference; lastKnownFileType = file; name = "Inter-Light.otf"; path = "banchango/Resources/fonts/inter/Inter-Light.otf"; sourceTree = SOURCE_ROOT; };
		12BCCAC52C1EB3DA006853E5 /* Inter-V.ttf */ = {isa = PBXFileReference; lastKnownFileType = file; name = "Inter-V.ttf"; path = "banchango/Resources/fonts/inter/Inter-V.ttf"; sourceTree = SOURCE_ROOT; };
		12BCCAC62C1EB3DA006853E5 /* Inter-SemiBoldItalic.otf */ = {isa = PBXFileReference; lastKnownFileType = file; name = "Inter-SemiBoldItalic.otf"; path = "banchango/Resources/fonts/inter/Inter-SemiBoldItalic.otf"; sourceTree = SOURCE_ROOT; };
		12BCCADB2C1EB469006853E5 /* Info.plist */ = {isa = PBXFileReference; lastKnownFileType = text.plist.xml; path = Info.plist; sourceTree = "<group>"; };
		12BCCADE2C1EB6DC006853E5 /* Cafe24Ssurround.otf */ = {isa = PBXFileReference; lastKnownFileType = file; path = Cafe24Ssurround.otf; sourceTree = "<group>"; };
		12BCCADF2C1EBDFA006853E5 /* RecipeCardView.swift */ = {isa = PBXFileReference; lastKnownFileType = sourcecode.swift; path = RecipeCardView.swift; sourceTree = "<group>"; };
		12BCCAE52C1EC406006853E5 /* RecipeDetailViewModel.swift */ = {isa = PBXFileReference; lastKnownFileType = sourcecode.swift; path = RecipeDetailViewModel.swift; sourceTree = "<group>"; };
		12BCCAE72C1EC419006853E5 /* RecipeDetailView.swift */ = {isa = PBXFileReference; lastKnownFileType = sourcecode.swift; path = RecipeDetailView.swift; sourceTree = "<group>"; };
		12E164992C0CD6B3006FC786 /* RecipeRecommendView.swift */ = {isa = PBXFileReference; lastKnownFileType = sourcecode.swift; path = RecipeRecommendView.swift; sourceTree = "<group>"; };
		12E1649B2C0CD9F4006FC786 /* RecommendRecipe.swift */ = {isa = PBXFileReference; lastKnownFileType = sourcecode.swift; path = RecommendRecipe.swift; sourceTree = "<group>"; };
		12E94FA22C1DA92800C525B9 /* RecommendRecipe.json */ = {isa = PBXFileReference; fileEncoding = 4; lastKnownFileType = text.json; path = RecommendRecipe.json; sourceTree = "<group>"; };
		12E94FB02C1DAAB100C525B9 /* RecipeRecommendViewModel.swift */ = {isa = PBXFileReference; lastKnownFileType = sourcecode.swift; path = RecipeRecommendViewModel.swift; sourceTree = "<group>"; };
/* End PBXFileReference section */

/* Begin PBXFrameworksBuildPhase section */
		124C4D1B2BF87ECA00FC9EE4 /* Frameworks */ = {
			isa = PBXFrameworksBuildPhase;
			buildActionMask = 2147483647;
			files = (
			);
			runOnlyForDeploymentPostprocessing = 0;
		};
		124C4D2B2BF87ECB00FC9EE4 /* Frameworks */ = {
			isa = PBXFrameworksBuildPhase;
			buildActionMask = 2147483647;
			files = (
			);
			runOnlyForDeploymentPostprocessing = 0;
		};
		124C4D352BF87ECB00FC9EE4 /* Frameworks */ = {
			isa = PBXFrameworksBuildPhase;
			buildActionMask = 2147483647;
			files = (
			);
			runOnlyForDeploymentPostprocessing = 0;
		};
/* End PBXFrameworksBuildPhase section */

/* Begin PBXGroup section */
		124C4D152BF87ECA00FC9EE4 = {
			isa = PBXGroup;
			children = (
				124C4D202BF87ECA00FC9EE4 /* banchango */,
				124C4D312BF87ECB00FC9EE4 /* banchangoTests */,
				124C4D3B2BF87ECB00FC9EE4 /* banchangoUITests */,
				124C4D1F2BF87ECA00FC9EE4 /* Products */,
			);
			sourceTree = "<group>";
		};
		124C4D1F2BF87ECA00FC9EE4 /* Products */ = {
			isa = PBXGroup;
			children = (
				124C4D1E2BF87ECA00FC9EE4 /* banchango.app */,
				124C4D2E2BF87ECB00FC9EE4 /* banchangoTests.xctest */,
				124C4D382BF87ECB00FC9EE4 /* banchangoUITests.xctest */,
			);
			name = Products;
			sourceTree = "<group>";
		};
		124C4D202BF87ECA00FC9EE4 /* banchango */ = {
			isa = PBXGroup;
			children = (
				1254CEF52BF87F660067E217 /* Sources */,
				1254CEF62BF87F6E0067E217 /* Resources */,
			);
			path = banchango;
			sourceTree = "<group>";
		};
		124C4D272BF87ECB00FC9EE4 /* Preview Content */ = {
			isa = PBXGroup;
			children = (
				124C4D282BF87ECB00FC9EE4 /* Preview Assets.xcassets */,
			);
			path = "Preview Content";
			sourceTree = "<group>";
		};
		124C4D312BF87ECB00FC9EE4 /* banchangoTests */ = {
			isa = PBXGroup;
			children = (
				124C4D322BF87ECB00FC9EE4 /* banchangoTests.swift */,
			);
			path = banchangoTests;
			sourceTree = "<group>";
		};
		124C4D3B2BF87ECB00FC9EE4 /* banchangoUITests */ = {
			isa = PBXGroup;
			children = (
				124C4D3C2BF87ECB00FC9EE4 /* banchangoUITests.swift */,
				124C4D3E2BF87ECB00FC9EE4 /* banchangoUITestsLaunchTests.swift */,
			);
			path = banchangoUITests;
			sourceTree = "<group>";
		};
		1254CEF52BF87F660067E217 /* Sources */ = {
			isa = PBXGroup;
			children = (
				12E94F9A2C1DA8F100C525B9 /* App */,
				12E164982C0CD62F006FC786 /* Model */,
				12BCCA5C2C1EADFF006853E5 /* Network */,
				1254CEF72BF87F790067E217 /* Presentation */,
			);
			path = Sources;
			sourceTree = "<group>";
		};
		1254CEF62BF87F6E0067E217 /* Resources */ = {
			isa = PBXGroup;
			children = (
				12BCCADB2C1EB469006853E5 /* Info.plist */,
				12BCCA602C1EB2DB006853E5 /* fonts */,
				124C4D252BF87ECB00FC9EE4 /* Assets.xcassets */,
				124C4D272BF87ECB00FC9EE4 /* Preview Content */,
			);
			path = Resources;
			sourceTree = "<group>";
		};
		1254CEF72BF87F790067E217 /* Presentation */ = {
			isa = PBXGroup;
			children = (
				12E94FB22C1DB85E00C525B9 /* Main */,
				12E94FAD2C1DAA6B00C525B9 /* RecipeRecommend */,
				12BCCAE22C1EC3D5006853E5 /* RecipeDetail */,
			);
			path = Presentation;
			sourceTree = "<group>";
		};
		12BCCA5C2C1EADFF006853E5 /* Network */ = {
			isa = PBXGroup;
			children = (
				12BCCA592C1EADFF006853E5 /* Config.swift */,
				12BCCA5A2C1EADFF006853E5 /* HTTPClient.swift */,
				12BCCA5B2C1EADFF006853E5 /* URLExtensions.swift */,
			);
			path = Network;
			sourceTree = "<group>";
		};
		12BCCA602C1EB2DB006853E5 /* fonts */ = {
			isa = PBXGroup;
			children = (
				12BCCADC2C1EB6A8006853E5 /* cafe24Ssurround */,
				12BCCAB22C1EB3CA006853E5 /* inter */,
			);
			path = fonts;
			sourceTree = "<group>";
		};
		12BCCAB22C1EB3CA006853E5 /* inter */ = {
			isa = PBXGroup;
			children = (
				12BCCAB82C1EB3DA006853E5 /* Inter-Black.otf */,
				12BCCAB72C1EB3DA006853E5 /* Inter-BlackItalic.otf */,
				12BCCAB42C1EB3DA006853E5 /* Inter-Bold.otf */,
				12BCCAC32C1EB3DA006853E5 /* Inter-BoldItalic.otf */,
				12BCCAB92C1EB3DA006853E5 /* Inter-ExtraBold.otf */,
				12BCCABD2C1EB3DA006853E5 /* Inter-ExtraBoldItalic.otf */,
				12BCCAC02C1EB3DA006853E5 /* Inter-ExtraLight.otf */,
				12BCCAB62C1EB3DA006853E5 /* Inter-ExtraLightItalic.otf */,
				12BCCAC12C1EB3DA006853E5 /* Inter-Italic.otf */,
				12BCCAC42C1EB3DA006853E5 /* Inter-Light.otf */,
				12BCCABA2C1EB3DA006853E5 /* Inter-LightItalic.otf */,
				12BCCABE2C1EB3DA006853E5 /* Inter-Medium.otf */,
				12BCCABB2C1EB3DA006853E5 /* Inter-MediumItalic.otf */,
				12BCCABF2C1EB3DA006853E5 /* Inter-Regular.otf */,
				12BCCAB32C1EB3DA006853E5 /* Inter-SemiBold.otf */,
				12BCCAC62C1EB3DA006853E5 /* Inter-SemiBoldItalic.otf */,
				12BCCAC22C1EB3DA006853E5 /* Inter-Thin.otf */,
				12BCCAB52C1EB3DA006853E5 /* Inter-ThinItalic.otf */,
				12BCCAC52C1EB3DA006853E5 /* Inter-V.ttf */,
				12BCCABC2C1EB3DA006853E5 /* SIL Open Font License.txt */,
			);
			name = inter;
			path = ../inter;
			sourceTree = "<group>";
		};
		12BCCADC2C1EB6A8006853E5 /* cafe24Ssurround */ = {
			isa = PBXGroup;
			children = (
				12BCCADE2C1EB6DC006853E5 /* Cafe24Ssurround.otf */,
			);
			path = cafe24Ssurround;
			sourceTree = "<group>";
		};
		12BCCAE22C1EC3D5006853E5 /* RecipeDetail */ = {
			isa = PBXGroup;
			children = (
				12BCCAE32C1EC3EC006853E5 /* ViewModel */,
				12BCCAE42C1EC3F6006853E5 /* View */,
			);
			path = RecipeDetail;
			sourceTree = "<group>";
		};
		12BCCAE32C1EC3EC006853E5 /* ViewModel */ = {
			isa = PBXGroup;
			children = (
				12BCCAE52C1EC406006853E5 /* RecipeDetailViewModel.swift */,
			);
			path = ViewModel;
			sourceTree = "<group>";
		};
		12BCCAE42C1EC3F6006853E5 /* View */ = {
			isa = PBXGroup;
			children = (
				12BCCAE72C1EC419006853E5 /* RecipeDetailView.swift */,
			);
			path = View;
			sourceTree = "<group>";
		};
		12E164982C0CD62F006FC786 /* Model */ = {
			isa = PBXGroup;
			children = (
				12E94FA32C1DA92800C525B9 /* Dummy */,
				12E1649B2C0CD9F4006FC786 /* RecommendRecipe.swift */,
			);
			path = Model;
			sourceTree = "<group>";
		};
		12E94F9A2C1DA8F100C525B9 /* App */ = {
			isa = PBXGroup;
			children = (
				124C4D212BF87ECA00FC9EE4 /* banchangoApp.swift */,
			);
			path = App;
			sourceTree = "<group>";
		};
		12E94FA32C1DA92800C525B9 /* Dummy */ = {
			isa = PBXGroup;
			children = (
				12E94FA22C1DA92800C525B9 /* RecommendRecipe.json */,
			);
			path = Dummy;
			sourceTree = "<group>";
		};
		12E94FAD2C1DAA6B00C525B9 /* RecipeRecommend */ = {
			isa = PBXGroup;
			children = (
				12E94FAF2C1DAAA000C525B9 /* ViewModel */,
				12E94FAE2C1DAA9B00C525B9 /* View */,
			);
			path = RecipeRecommend;
			sourceTree = "<group>";
		};
		12E94FAE2C1DAA9B00C525B9 /* View */ = {
			isa = PBXGroup;
			children = (
				12E164992C0CD6B3006FC786 /* RecipeRecommendView.swift */,
				12BCCADF2C1EBDFA006853E5 /* RecipeCardView.swift */,
			);
			path = View;
			sourceTree = "<group>";
		};
		12E94FAF2C1DAAA000C525B9 /* ViewModel */ = {
			isa = PBXGroup;
			children = (
				12E94FB02C1DAAB100C525B9 /* RecipeRecommendViewModel.swift */,
			);
			path = ViewModel;
			sourceTree = "<group>";
		};
		12E94FB22C1DB85E00C525B9 /* Main */ = {
			isa = PBXGroup;
			children = (
				12E94FB42C1DB86800C525B9 /* ViewModel */,
				12E94FB32C1DB86400C525B9 /* View */,
			);
			path = Main;
			sourceTree = "<group>";
		};
		12E94FB32C1DB86400C525B9 /* View */ = {
			isa = PBXGroup;
			children = (
				124C4D232BF87ECA00FC9EE4 /* MainView.swift */,
			);
			path = View;
			sourceTree = "<group>";
		};
		12E94FB42C1DB86800C525B9 /* ViewModel */ = {
			isa = PBXGroup;
			children = (
			);
			path = ViewModel;
			sourceTree = "<group>";
		};
/* End PBXGroup section */

/* Begin PBXNativeTarget section */
		124C4D1D2BF87ECA00FC9EE4 /* banchango */ = {
			isa = PBXNativeTarget;
			buildConfigurationList = 124C4D422BF87ECB00FC9EE4 /* Build configuration list for PBXNativeTarget "banchango" */;
			buildPhases = (
				124C4D1A2BF87ECA00FC9EE4 /* Sources */,
				124C4D1B2BF87ECA00FC9EE4 /* Frameworks */,
				124C4D1C2BF87ECA00FC9EE4 /* Resources */,
			);
			buildRules = (
			);
			dependencies = (
			);
			name = banchango;
			productName = banchango;
			productReference = 124C4D1E2BF87ECA00FC9EE4 /* banchango.app */;
			productType = "com.apple.product-type.application";
		};
		124C4D2D2BF87ECB00FC9EE4 /* banchangoTests */ = {
			isa = PBXNativeTarget;
			buildConfigurationList = 124C4D452BF87ECB00FC9EE4 /* Build configuration list for PBXNativeTarget "banchangoTests" */;
			buildPhases = (
				124C4D2A2BF87ECB00FC9EE4 /* Sources */,
				124C4D2B2BF87ECB00FC9EE4 /* Frameworks */,
				124C4D2C2BF87ECB00FC9EE4 /* Resources */,
			);
			buildRules = (
			);
			dependencies = (
				124C4D302BF87ECB00FC9EE4 /* PBXTargetDependency */,
			);
			name = banchangoTests;
			productName = banchangoTests;
			productReference = 124C4D2E2BF87ECB00FC9EE4 /* banchangoTests.xctest */;
			productType = "com.apple.product-type.bundle.unit-test";
		};
		124C4D372BF87ECB00FC9EE4 /* banchangoUITests */ = {
			isa = PBXNativeTarget;
			buildConfigurationList = 124C4D482BF87ECB00FC9EE4 /* Build configuration list for PBXNativeTarget "banchangoUITests" */;
			buildPhases = (
				124C4D342BF87ECB00FC9EE4 /* Sources */,
				124C4D352BF87ECB00FC9EE4 /* Frameworks */,
				124C4D362BF87ECB00FC9EE4 /* Resources */,
			);
			buildRules = (
			);
			dependencies = (
				124C4D3A2BF87ECB00FC9EE4 /* PBXTargetDependency */,
			);
			name = banchangoUITests;
			productName = banchangoUITests;
			productReference = 124C4D382BF87ECB00FC9EE4 /* banchangoUITests.xctest */;
			productType = "com.apple.product-type.bundle.ui-testing";
		};
/* End PBXNativeTarget section */

/* Begin PBXProject section */
		124C4D162BF87ECA00FC9EE4 /* Project object */ = {
			isa = PBXProject;
			attributes = {
				BuildIndependentTargetsInParallel = 1;
				LastSwiftUpdateCheck = 1540;
				LastUpgradeCheck = 1540;
				TargetAttributes = {
					124C4D1D2BF87ECA00FC9EE4 = {
						CreatedOnToolsVersion = 15.4;
					};
					124C4D2D2BF87ECB00FC9EE4 = {
						CreatedOnToolsVersion = 15.4;
						TestTargetID = 124C4D1D2BF87ECA00FC9EE4;
					};
					124C4D372BF87ECB00FC9EE4 = {
						CreatedOnToolsVersion = 15.4;
						TestTargetID = 124C4D1D2BF87ECA00FC9EE4;
					};
				};
			};
			buildConfigurationList = 124C4D192BF87ECA00FC9EE4 /* Build configuration list for PBXProject "banchango" */;
			compatibilityVersion = "Xcode 14.0";
			developmentRegion = en;
			hasScannedForEncodings = 0;
			knownRegions = (
				en,
				Base,
			);
			mainGroup = 124C4D152BF87ECA00FC9EE4;
			productRefGroup = 124C4D1F2BF87ECA00FC9EE4 /* Products */;
			projectDirPath = "";
			projectRoot = "";
			targets = (
				124C4D1D2BF87ECA00FC9EE4 /* banchango */,
				124C4D2D2BF87ECB00FC9EE4 /* banchangoTests */,
				124C4D372BF87ECB00FC9EE4 /* banchangoUITests */,
			);
		};
/* End PBXProject section */

/* Begin PBXResourcesBuildPhase section */
		124C4D1C2BF87ECA00FC9EE4 /* Resources */ = {
			isa = PBXResourcesBuildPhase;
			buildActionMask = 2147483647;
			files = (
				12E94FA42C1DA92800C525B9 /* RecommendRecipe.json in Resources */,
				124C4D292BF87ECB00FC9EE4 /* Preview Assets.xcassets in Resources */,
				12BCCAC92C1EB3DA006853E5 /* Inter-ThinItalic.otf in Resources */,
				12BCCAD42C1EB3DA006853E5 /* Inter-ExtraLight.otf in Resources */,
				12BCCACA2C1EB3DA006853E5 /* Inter-ExtraLightItalic.otf in Resources */,
				12BCCAD72C1EB3DA006853E5 /* Inter-BoldItalic.otf in Resources */,
				12BCCACC2C1EB3DA006853E5 /* Inter-Black.otf in Resources */,
				12BCCAD82C1EB3DA006853E5 /* Inter-Light.otf in Resources */,
				12BCCAD02C1EB3DA006853E5 /* SIL Open Font License.txt in Resources */,
				124C4D262BF87ECB00FC9EE4 /* Assets.xcassets in Resources */,
				12BCCAD52C1EB3DA006853E5 /* Inter-Italic.otf in Resources */,
				12BCCAD92C1EB3DA006853E5 /* Inter-V.ttf in Resources */,
				12BCCACF2C1EB3DA006853E5 /* Inter-MediumItalic.otf in Resources */,
				12BCCAC82C1EB3DA006853E5 /* Inter-Bold.otf in Resources */,
				12BCCACD2C1EB3DA006853E5 /* Inter-ExtraBold.otf in Resources */,
				12BCCAD32C1EB3DA006853E5 /* Inter-Regular.otf in Resources */,
				12BCCACB2C1EB3DA006853E5 /* Inter-BlackItalic.otf in Resources */,
				12BCCAD22C1EB3DA006853E5 /* Inter-Medium.otf in Resources */,
				12BCCADA2C1EB3DA006853E5 /* Inter-SemiBoldItalic.otf in Resources */,
				12BCCACE2C1EB3DA006853E5 /* Inter-LightItalic.otf in Resources */,
				12BCCAD62C1EB3DA006853E5 /* Inter-Thin.otf in Resources */,
				12BCCAD12C1EB3DA006853E5 /* Inter-ExtraBoldItalic.otf in Resources */,
				12BCCAC72C1EB3DA006853E5 /* Inter-SemiBold.otf in Resources */,
			);
			runOnlyForDeploymentPostprocessing = 0;
		};
		124C4D2C2BF87ECB00FC9EE4 /* Resources */ = {
			isa = PBXResourcesBuildPhase;
			buildActionMask = 2147483647;
			files = (
			);
			runOnlyForDeploymentPostprocessing = 0;
		};
		124C4D362BF87ECB00FC9EE4 /* Resources */ = {
			isa = PBXResourcesBuildPhase;
			buildActionMask = 2147483647;
			files = (
			);
			runOnlyForDeploymentPostprocessing = 0;
		};
/* End PBXResourcesBuildPhase section */

/* Begin PBXSourcesBuildPhase section */
		124C4D1A2BF87ECA00FC9EE4 /* Sources */ = {
			isa = PBXSourcesBuildPhase;
			buildActionMask = 2147483647;
			files = (
				124C4D242BF87ECA00FC9EE4 /* MainView.swift in Sources */,
				12E1649C2C0CD9F4006FC786 /* RecommendRecipe.swift in Sources */,
				12BCCAE02C1EBDFA006853E5 /* RecipeCardView.swift in Sources */,
				12BCCAE62C1EC406006853E5 /* RecipeDetailViewModel.swift in Sources */,
				124C4D222BF87ECA00FC9EE4 /* banchangoApp.swift in Sources */,
				12E1649A2C0CD6B3006FC786 /* RecipeRecommendView.swift in Sources */,
				12E94FB12C1DAAB100C525B9 /* RecipeRecommendViewModel.swift in Sources */,
				12BCCAE82C1EC419006853E5 /* RecipeDetailView.swift in Sources */,
				12BCCA5E2C1EADFF006853E5 /* HTTPClient.swift in Sources */,
				12BCCA5F2C1EADFF006853E5 /* URLExtensions.swift in Sources */,
				12BCCA5D2C1EADFF006853E5 /* Config.swift in Sources */,
			);
			runOnlyForDeploymentPostprocessing = 0;
		};
		124C4D2A2BF87ECB00FC9EE4 /* Sources */ = {
			isa = PBXSourcesBuildPhase;
			buildActionMask = 2147483647;
			files = (
				124C4D332BF87ECB00FC9EE4 /* banchangoTests.swift in Sources */,
			);
			runOnlyForDeploymentPostprocessing = 0;
		};
		124C4D342BF87ECB00FC9EE4 /* Sources */ = {
			isa = PBXSourcesBuildPhase;
			buildActionMask = 2147483647;
			files = (
				124C4D3F2BF87ECB00FC9EE4 /* banchangoUITestsLaunchTests.swift in Sources */,
				124C4D3D2BF87ECB00FC9EE4 /* banchangoUITests.swift in Sources */,
			);
			runOnlyForDeploymentPostprocessing = 0;
		};
/* End PBXSourcesBuildPhase section */

/* Begin PBXTargetDependency section */
		124C4D302BF87ECB00FC9EE4 /* PBXTargetDependency */ = {
			isa = PBXTargetDependency;
			target = 124C4D1D2BF87ECA00FC9EE4 /* banchango */;
			targetProxy = 124C4D2F2BF87ECB00FC9EE4 /* PBXContainerItemProxy */;
		};
		124C4D3A2BF87ECB00FC9EE4 /* PBXTargetDependency */ = {
			isa = PBXTargetDependency;
			target = 124C4D1D2BF87ECA00FC9EE4 /* banchango */;
			targetProxy = 124C4D392BF87ECB00FC9EE4 /* PBXContainerItemProxy */;
		};
/* End PBXTargetDependency section */

/* Begin XCBuildConfiguration section */
		124C4D402BF87ECB00FC9EE4 /* Debug */ = {
			isa = XCBuildConfiguration;
			buildSettings = {
				ALWAYS_SEARCH_USER_PATHS = NO;
				ASSETCATALOG_COMPILER_GENERATE_SWIFT_ASSET_SYMBOL_EXTENSIONS = YES;
				CLANG_ANALYZER_NONNULL = YES;
				CLANG_ANALYZER_NUMBER_OBJECT_CONVERSION = YES_AGGRESSIVE;
				CLANG_CXX_LANGUAGE_STANDARD = "gnu++20";
				CLANG_ENABLE_MODULES = YES;
				CLANG_ENABLE_OBJC_ARC = YES;
				CLANG_ENABLE_OBJC_WEAK = YES;
				CLANG_WARN_BLOCK_CAPTURE_AUTORELEASING = YES;
				CLANG_WARN_BOOL_CONVERSION = YES;
				CLANG_WARN_COMMA = YES;
				CLANG_WARN_CONSTANT_CONVERSION = YES;
				CLANG_WARN_DEPRECATED_OBJC_IMPLEMENTATIONS = YES;
				CLANG_WARN_DIRECT_OBJC_ISA_USAGE = YES_ERROR;
				CLANG_WARN_DOCUMENTATION_COMMENTS = YES;
				CLANG_WARN_EMPTY_BODY = YES;
				CLANG_WARN_ENUM_CONVERSION = YES;
				CLANG_WARN_INFINITE_RECURSION = YES;
				CLANG_WARN_INT_CONVERSION = YES;
				CLANG_WARN_NON_LITERAL_NULL_CONVERSION = YES;
				CLANG_WARN_OBJC_IMPLICIT_RETAIN_SELF = YES;
				CLANG_WARN_OBJC_LITERAL_CONVERSION = YES;
				CLANG_WARN_OBJC_ROOT_CLASS = YES_ERROR;
				CLANG_WARN_QUOTED_INCLUDE_IN_FRAMEWORK_HEADER = YES;
				CLANG_WARN_RANGE_LOOP_ANALYSIS = YES;
				CLANG_WARN_STRICT_PROTOTYPES = YES;
				CLANG_WARN_SUSPICIOUS_MOVE = YES;
				CLANG_WARN_UNGUARDED_AVAILABILITY = YES_AGGRESSIVE;
				CLANG_WARN_UNREACHABLE_CODE = YES;
				CLANG_WARN__DUPLICATE_METHOD_MATCH = YES;
				COPY_PHASE_STRIP = NO;
				DEBUG_INFORMATION_FORMAT = dwarf;
				ENABLE_STRICT_OBJC_MSGSEND = YES;
				ENABLE_TESTABILITY = YES;
				ENABLE_USER_SCRIPT_SANDBOXING = YES;
				GCC_C_LANGUAGE_STANDARD = gnu17;
				GCC_DYNAMIC_NO_PIC = NO;
				GCC_NO_COMMON_BLOCKS = YES;
				GCC_OPTIMIZATION_LEVEL = 0;
				GCC_PREPROCESSOR_DEFINITIONS = (
					"DEBUG=1",
					"$(inherited)",
				);
				GCC_WARN_64_TO_32_BIT_CONVERSION = YES;
				GCC_WARN_ABOUT_RETURN_TYPE = YES_ERROR;
				GCC_WARN_UNDECLARED_SELECTOR = YES;
				GCC_WARN_UNINITIALIZED_AUTOS = YES_AGGRESSIVE;
				GCC_WARN_UNUSED_FUNCTION = YES;
				GCC_WARN_UNUSED_VARIABLE = YES;
				IPHONEOS_DEPLOYMENT_TARGET = 17.0;
				LOCALIZATION_PREFERS_STRING_CATALOGS = YES;
				MTL_ENABLE_DEBUG_INFO = INCLUDE_SOURCE;
				MTL_FAST_MATH = YES;
				ONLY_ACTIVE_ARCH = YES;
				SDKROOT = iphoneos;
				SWIFT_ACTIVE_COMPILATION_CONDITIONS = "DEBUG $(inherited)";
				SWIFT_OPTIMIZATION_LEVEL = "-Onone";
			};
			name = Debug;
		};
		124C4D412BF87ECB00FC9EE4 /* Release */ = {
			isa = XCBuildConfiguration;
			buildSettings = {
				ALWAYS_SEARCH_USER_PATHS = NO;
				ASSETCATALOG_COMPILER_GENERATE_SWIFT_ASSET_SYMBOL_EXTENSIONS = YES;
				CLANG_ANALYZER_NONNULL = YES;
				CLANG_ANALYZER_NUMBER_OBJECT_CONVERSION = YES_AGGRESSIVE;
				CLANG_CXX_LANGUAGE_STANDARD = "gnu++20";
				CLANG_ENABLE_MODULES = YES;
				CLANG_ENABLE_OBJC_ARC = YES;
				CLANG_ENABLE_OBJC_WEAK = YES;
				CLANG_WARN_BLOCK_CAPTURE_AUTORELEASING = YES;
				CLANG_WARN_BOOL_CONVERSION = YES;
				CLANG_WARN_COMMA = YES;
				CLANG_WARN_CONSTANT_CONVERSION = YES;
				CLANG_WARN_DEPRECATED_OBJC_IMPLEMENTATIONS = YES;
				CLANG_WARN_DIRECT_OBJC_ISA_USAGE = YES_ERROR;
				CLANG_WARN_DOCUMENTATION_COMMENTS = YES;
				CLANG_WARN_EMPTY_BODY = YES;
				CLANG_WARN_ENUM_CONVERSION = YES;
				CLANG_WARN_INFINITE_RECURSION = YES;
				CLANG_WARN_INT_CONVERSION = YES;
				CLANG_WARN_NON_LITERAL_NULL_CONVERSION = YES;
				CLANG_WARN_OBJC_IMPLICIT_RETAIN_SELF = YES;
				CLANG_WARN_OBJC_LITERAL_CONVERSION = YES;
				CLANG_WARN_OBJC_ROOT_CLASS = YES_ERROR;
				CLANG_WARN_QUOTED_INCLUDE_IN_FRAMEWORK_HEADER = YES;
				CLANG_WARN_RANGE_LOOP_ANALYSIS = YES;
				CLANG_WARN_STRICT_PROTOTYPES = YES;
				CLANG_WARN_SUSPICIOUS_MOVE = YES;
				CLANG_WARN_UNGUARDED_AVAILABILITY = YES_AGGRESSIVE;
				CLANG_WARN_UNREACHABLE_CODE = YES;
				CLANG_WARN__DUPLICATE_METHOD_MATCH = YES;
				COPY_PHASE_STRIP = NO;
				DEBUG_INFORMATION_FORMAT = "dwarf-with-dsym";
				ENABLE_NS_ASSERTIONS = NO;
				ENABLE_STRICT_OBJC_MSGSEND = YES;
				ENABLE_USER_SCRIPT_SANDBOXING = YES;
				GCC_C_LANGUAGE_STANDARD = gnu17;
				GCC_NO_COMMON_BLOCKS = YES;
				GCC_WARN_64_TO_32_BIT_CONVERSION = YES;
				GCC_WARN_ABOUT_RETURN_TYPE = YES_ERROR;
				GCC_WARN_UNDECLARED_SELECTOR = YES;
				GCC_WARN_UNINITIALIZED_AUTOS = YES_AGGRESSIVE;
				GCC_WARN_UNUSED_FUNCTION = YES;
				GCC_WARN_UNUSED_VARIABLE = YES;
				IPHONEOS_DEPLOYMENT_TARGET = 17.0;
				LOCALIZATION_PREFERS_STRING_CATALOGS = YES;
				MTL_ENABLE_DEBUG_INFO = NO;
				MTL_FAST_MATH = YES;
				SDKROOT = iphoneos;
				SWIFT_COMPILATION_MODE = wholemodule;
				VALIDATE_PRODUCT = YES;
			};
			name = Release;
		};
		124C4D432BF87ECB00FC9EE4 /* Debug */ = {
			isa = XCBuildConfiguration;
			buildSettings = {
				ASSETCATALOG_COMPILER_APPICON_NAME = AppIcon;
				ASSETCATALOG_COMPILER_GLOBAL_ACCENT_COLOR_NAME = AccentColor;
				CODE_SIGN_STYLE = Automatic;
				CURRENT_PROJECT_VERSION = 1;
				DEVELOPMENT_ASSET_PATHS = "\"banchango/Resources/Preview Content\"";
				DEVELOPMENT_TEAM = 34X3BT977M;
				ENABLE_PREVIEWS = YES;
				GENERATE_INFOPLIST_FILE = YES;
				INFOPLIST_FILE = banchango/Resources/Info.plist;
				INFOPLIST_KEY_UIApplicationSceneManifest_Generation = YES;
				INFOPLIST_KEY_UIApplicationSupportsIndirectInputEvents = YES;
				INFOPLIST_KEY_UILaunchScreen_Generation = YES;
				INFOPLIST_KEY_UISupportedInterfaceOrientations_iPad = "UIInterfaceOrientationPortrait UIInterfaceOrientationPortraitUpsideDown UIInterfaceOrientationLandscapeLeft UIInterfaceOrientationLandscapeRight";
				INFOPLIST_KEY_UISupportedInterfaceOrientations_iPhone = "UIInterfaceOrientationPortrait UIInterfaceOrientationLandscapeLeft UIInterfaceOrientationLandscapeRight";
				IPHONEOS_DEPLOYMENT_TARGET = 17.0;
				LD_RUNPATH_SEARCH_PATHS = (
					"$(inherited)",
					"@executable_path/Frameworks",
				);
				MARKETING_VERSION = 1.0;
				PRODUCT_BUNDLE_IDENTIFIER = com.minseok.banchango;
				PRODUCT_NAME = "$(TARGET_NAME)";
				SWIFT_EMIT_LOC_STRINGS = YES;
				SWIFT_VERSION = 5.0;
				TARGETED_DEVICE_FAMILY = "1,2";
			};
			name = Debug;
		};
		124C4D442BF87ECB00FC9EE4 /* Release */ = {
			isa = XCBuildConfiguration;
			buildSettings = {
				ASSETCATALOG_COMPILER_APPICON_NAME = AppIcon;
				ASSETCATALOG_COMPILER_GLOBAL_ACCENT_COLOR_NAME = AccentColor;
				CODE_SIGN_STYLE = Automatic;
				CURRENT_PROJECT_VERSION = 1;
				DEVELOPMENT_ASSET_PATHS = "\"banchango/Resources/Preview Content\"";
				DEVELOPMENT_TEAM = 34X3BT977M;
				ENABLE_PREVIEWS = YES;
				GENERATE_INFOPLIST_FILE = YES;
				INFOPLIST_FILE = banchango/Resources/Info.plist;
				INFOPLIST_KEY_UIApplicationSceneManifest_Generation = YES;
				INFOPLIST_KEY_UIApplicationSupportsIndirectInputEvents = YES;
				INFOPLIST_KEY_UILaunchScreen_Generation = YES;
				INFOPLIST_KEY_UISupportedInterfaceOrientations_iPad = "UIInterfaceOrientationPortrait UIInterfaceOrientationPortraitUpsideDown UIInterfaceOrientationLandscapeLeft UIInterfaceOrientationLandscapeRight";
				INFOPLIST_KEY_UISupportedInterfaceOrientations_iPhone = "UIInterfaceOrientationPortrait UIInterfaceOrientationLandscapeLeft UIInterfaceOrientationLandscapeRight";
				IPHONEOS_DEPLOYMENT_TARGET = 17.0;
				LD_RUNPATH_SEARCH_PATHS = (
					"$(inherited)",
					"@executable_path/Frameworks",
				);
				MARKETING_VERSION = 1.0;
				PRODUCT_BUNDLE_IDENTIFIER = com.minseok.banchango;
				PRODUCT_NAME = "$(TARGET_NAME)";
				SWIFT_EMIT_LOC_STRINGS = YES;
				SWIFT_VERSION = 5.0;
				TARGETED_DEVICE_FAMILY = "1,2";
			};
			name = Release;
		};
		124C4D462BF87ECB00FC9EE4 /* Debug */ = {
			isa = XCBuildConfiguration;
			buildSettings = {
				ALWAYS_EMBED_SWIFT_STANDARD_LIBRARIES = YES;
				BUNDLE_LOADER = "$(TEST_HOST)";
				CODE_SIGN_STYLE = Automatic;
				CURRENT_PROJECT_VERSION = 1;
				DEVELOPMENT_TEAM = 34X3BT977M;
				GENERATE_INFOPLIST_FILE = YES;
				IPHONEOS_DEPLOYMENT_TARGET = 17.0;
				MARKETING_VERSION = 1.0;
				PRODUCT_BUNDLE_IDENTIFIER = com.minseok.banchangoTests;
				PRODUCT_NAME = "$(TARGET_NAME)";
				SWIFT_EMIT_LOC_STRINGS = NO;
				SWIFT_VERSION = 5.0;
				TARGETED_DEVICE_FAMILY = "1,2";
				TEST_HOST = "$(BUILT_PRODUCTS_DIR)/banchango.app/$(BUNDLE_EXECUTABLE_FOLDER_PATH)/banchango";
			};
			name = Debug;
		};
		124C4D472BF87ECB00FC9EE4 /* Release */ = {
			isa = XCBuildConfiguration;
			buildSettings = {
				ALWAYS_EMBED_SWIFT_STANDARD_LIBRARIES = YES;
				BUNDLE_LOADER = "$(TEST_HOST)";
				CODE_SIGN_STYLE = Automatic;
				CURRENT_PROJECT_VERSION = 1;
				DEVELOPMENT_TEAM = 34X3BT977M;
				GENERATE_INFOPLIST_FILE = YES;
				IPHONEOS_DEPLOYMENT_TARGET = 17.0;
				MARKETING_VERSION = 1.0;
				PRODUCT_BUNDLE_IDENTIFIER = com.minseok.banchangoTests;
				PRODUCT_NAME = "$(TARGET_NAME)";
				SWIFT_EMIT_LOC_STRINGS = NO;
				SWIFT_VERSION = 5.0;
				TARGETED_DEVICE_FAMILY = "1,2";
				TEST_HOST = "$(BUILT_PRODUCTS_DIR)/banchango.app/$(BUNDLE_EXECUTABLE_FOLDER_PATH)/banchango";
			};
			name = Release;
		};
		124C4D492BF87ECB00FC9EE4 /* Debug */ = {
			isa = XCBuildConfiguration;
			buildSettings = {
				ALWAYS_EMBED_SWIFT_STANDARD_LIBRARIES = YES;
				CODE_SIGN_STYLE = Automatic;
				CURRENT_PROJECT_VERSION = 1;
				DEVELOPMENT_TEAM = 34X3BT977M;
				GENERATE_INFOPLIST_FILE = YES;
				MARKETING_VERSION = 1.0;
				PRODUCT_BUNDLE_IDENTIFIER = com.minseok.banchangoUITests;
				PRODUCT_NAME = "$(TARGET_NAME)";
				SWIFT_EMIT_LOC_STRINGS = NO;
				SWIFT_VERSION = 5.0;
				TARGETED_DEVICE_FAMILY = "1,2";
				TEST_TARGET_NAME = banchango;
			};
			name = Debug;
		};
		124C4D4A2BF87ECB00FC9EE4 /* Release */ = {
			isa = XCBuildConfiguration;
			buildSettings = {
				ALWAYS_EMBED_SWIFT_STANDARD_LIBRARIES = YES;
				CODE_SIGN_STYLE = Automatic;
				CURRENT_PROJECT_VERSION = 1;
				DEVELOPMENT_TEAM = 34X3BT977M;
				GENERATE_INFOPLIST_FILE = YES;
				MARKETING_VERSION = 1.0;
				PRODUCT_BUNDLE_IDENTIFIER = com.minseok.banchangoUITests;
				PRODUCT_NAME = "$(TARGET_NAME)";
				SWIFT_EMIT_LOC_STRINGS = NO;
				SWIFT_VERSION = 5.0;
				TARGETED_DEVICE_FAMILY = "1,2";
				TEST_TARGET_NAME = banchango;
			};
			name = Release;
		};
/* End XCBuildConfiguration section */

/* Begin XCConfigurationList section */
		124C4D192BF87ECA00FC9EE4 /* Build configuration list for PBXProject "banchango" */ = {
			isa = XCConfigurationList;
			buildConfigurations = (
				124C4D402BF87ECB00FC9EE4 /* Debug */,
				124C4D412BF87ECB00FC9EE4 /* Release */,
			);
			defaultConfigurationIsVisible = 0;
			defaultConfigurationName = Release;
		};
		124C4D422BF87ECB00FC9EE4 /* Build configuration list for PBXNativeTarget "banchango" */ = {
			isa = XCConfigurationList;
			buildConfigurations = (
				124C4D432BF87ECB00FC9EE4 /* Debug */,
				124C4D442BF87ECB00FC9EE4 /* Release */,
			);
			defaultConfigurationIsVisible = 0;
			defaultConfigurationName = Release;
		};
		124C4D452BF87ECB00FC9EE4 /* Build configuration list for PBXNativeTarget "banchangoTests" */ = {
			isa = XCConfigurationList;
			buildConfigurations = (
				124C4D462BF87ECB00FC9EE4 /* Debug */,
				124C4D472BF87ECB00FC9EE4 /* Release */,
			);
			defaultConfigurationIsVisible = 0;
			defaultConfigurationName = Release;
		};
		124C4D482BF87ECB00FC9EE4 /* Build configuration list for PBXNativeTarget "banchangoUITests" */ = {
			isa = XCConfigurationList;
			buildConfigurations = (
				124C4D492BF87ECB00FC9EE4 /* Debug */,
				124C4D4A2BF87ECB00FC9EE4 /* Release */,
			);
			defaultConfigurationIsVisible = 0;
			defaultConfigurationName = Release;
		};
/* End XCConfigurationList section */
	};
	rootObject = 124C4D162BF87ECA00FC9EE4 /* Project object */;
}
